
Microsoft Visual Studio Solution File, Format Version 12.00
# Visual Studio Version 17
VisualStudioVersion = 17.7.34202.233
MinimumVisualStudioVersion = 10.0.40219.1
Project("{9A19103F-16F7-4668-BE54-9A1E7A4F7556}") = "Niculae_AnaMaria_Lab2", "Niculae_AnaMaria_Lab2\Niculae_AnaMaria_Lab2.csproj", "{BB11F46F-0054-4836-9FB2-C34D07F16B53}"
EndProject
Project("{FAE04EC0-301F-11D3-BF4B-00C04F79EFBC}") = "LibraryModel", "LibraryModel\LibraryModel.csproj", "{BCA90F81-A4B2-4C96-9D0B-FD903A136A5F}"
EndProject
Project("{FAE04EC0-301F-11D3-BF4B-00C04F79EFBC}") = "LibraryWebAPI", "LibraryWebAPI\LibraryWebAPI.csproj", "{D528247F-05EF-461A-A28F-3B2DD39C3AA3}"
EndProject
Global
	GlobalSection(SolutionConfigurationPlatforms) = preSolution
		Debug|Any CPU = Debug|Any CPU
		Release|Any CPU = Release|Any CPU
	EndGlobalSection
	GlobalSection(ProjectConfigurationPlatforms) = postSolution
		{BB11F46F-0054-4836-9FB2-C34D07F16B53}.Debug|Any CPU.ActiveCfg = Debug|Any CPU
		{BB11F46F-0054-4836-9FB2-C34D07F16B53}.Debug|Any CPU.Build.0 = Debug|Any CPU
		{BB11F46F-0054-4836-9FB2-C34D07F16B53}.Release|Any CPU.ActiveCfg = Release|Any CPU
		{BB11F46F-0054-4836-9FB2-C34D07F16B53}.Release|Any CPU.Build.0 = Release|Any CPU
		{BCA90F81-A4B2-4C96-9D0B-FD903A136A5F}.Debug|Any CPU.ActiveCfg = Debug|Any CPU
		{BCA90F81-A4B2-4C96-9D0B-FD903A136A5F}.Debug|Any CPU.Build.0 = Debug|Any CPU
		{BCA90F81-A4B2-4C96-9D0B-FD903A136A5F}.Release|Any CPU.ActiveCfg = Release|Any CPU
		{BCA90F81-A4B2-4C96-9D0B-FD903A136A5F}.Release|Any CPU.Build.0 = Release|Any CPU
		{D528247F-05EF-461A-A28F-3B2DD39C3AA3}.Debug|Any CPU.ActiveCfg = Debug|Any CPU
		{D528247F-05EF-461A-A28F-3B2DD39C3AA3}.Debug|Any CPU.Build.0 = Debug|Any CPU
		{D528247F-05EF-461A-A28F-3B2DD39C3AA3}.Release|Any CPU.ActiveCfg = Release|Any CPU
		{D528247F-05EF-461A-A28F-3B2DD39C3AA3}.Release|Any CPU.Build.0 = Release|Any CPU
	EndGlobalSection
	GlobalSection(SolutionProperties) = preSolution
		HideSolutionNode = FALSE
	EndGlobalSection
	GlobalSection(ExtensibilityGlobals) = postSolution
		SolutionGuid = {3249BD3D-4511-4A0A-81DF-B50EF005BCF3}
	EndGlobalSection
EndGlobal
